
Microsoft Visual Studio Solution File, Format Version 12.00
# Visual Studio 15
Project("{FAE04EC0-301F-11D3-BF4B-00C04F79EFBC}") = "Payments.API", "Payments.API\Payments.API.csproj", "{051A43E3-10FB-47E2-9A52-C2CAF8FF85CF}"
EndProject
Project("{FAE04EC0-301F-11D3-BF4B-00C04F79EFBC}") = "Payments.Domain", "Payments.Domain\Payments.Domain.csproj", "{380C5A42-6FCE-4331-8598-BAA8F464FA93}"
EndProject
Project("{FAE04EC0-301F-11D3-BF4B-00C04F79EFBC}") = "Payments.Repository", "Payments.Repository\Payments.Repository.csproj", "{FE405C08-CD18-428D-AFEB-5D2CCA7F38B1}"
EndProject
Global
	GlobalSection(SolutionConfigurationPlatforms) = preSolution
		Debug|Any CPU = Debug|Any CPU
		Release|Any CPU = Release|Any CPU
	EndGlobalSection
	GlobalSection(ProjectConfigurationPlatforms) = postSolution
		{051A43E3-10FB-47E2-9A52-C2CAF8FF85CF}.Debug|Any CPU.ActiveCfg = Debug|Any CPU
		{051A43E3-10FB-47E2-9A52-C2CAF8FF85CF}.Debug|Any CPU.Build.0 = Debug|Any CPU
		{051A43E3-10FB-47E2-9A52-C2CAF8FF85CF}.Release|Any CPU.ActiveCfg = Release|Any CPU
		{051A43E3-10FB-47E2-9A52-C2CAF8FF85CF}.Release|Any CPU.Build.0 = Release|Any CPU
		{380C5A42-6FCE-4331-8598-BAA8F464FA93}.Debug|Any CPU.ActiveCfg = Debug|Any CPU
		{380C5A42-6FCE-4331-8598-BAA8F464FA93}.Debug|Any CPU.Build.0 = Debug|Any CPU
		{380C5A42-6FCE-4331-8598-BAA8F464FA93}.Release|Any CPU.ActiveCfg = Release|Any CPU
		{380C5A42-6FCE-4331-8598-BAA8F464FA93}.Release|Any CPU.Build.0 = Release|Any CPU
		{FE405C08-CD18-428D-AFEB-5D2CCA7F38B1}.Debug|Any CPU.ActiveCfg = Debug|Any CPU
		{FE405C08-CD18-428D-AFEB-5D2CCA7F38B1}.Debug|Any CPU.Build.0 = Debug|Any CPU
		{FE405C08-CD18-428D-AFEB-5D2CCA7F38B1}.Release|Any CPU.ActiveCfg = Release|Any CPU
		{FE405C08-CD18-428D-AFEB-5D2CCA7F38B1}.Release|Any CPU.Build.0 = Release|Any CPU
	EndGlobalSection
EndGlobal
